
Microsoft Visual Studio Solution File, Format Version 12.00
# Visual Studio Version 17
VisualStudioVersion = 17.9.34902.65
MinimumVisualStudioVersion = 10.0.40219.1
Project("{FAE04EC0-301F-11D3-BF4B-00C04F79EFBC}") = "ParameterScanner", "ParameterScanner\ParameterScanner.csproj", "{0B1F95C3-824B-4822-ACD2-5374490B731C}"
EndProject
Global
	GlobalSection(SolutionConfigurationPlatforms) = preSolution
		Debug|Any CPU = Debug|Any CPU
		Release|Any CPU = Release|Any CPU
	EndGlobalSection
	GlobalSection(ProjectConfigurationPlatforms) = postSolution
		{0B1F95C3-824B-4822-ACD2-5374490B731C}.Debug|Any CPU.ActiveCfg = Debug|Any CPU
		{0B1F95C3-824B-4822-ACD2-5374490B731C}.Debug|Any CPU.Build.0 = Debug|Any CPU
		{0B1F95C3-824B-4822-ACD2-5374490B731C}.Release|Any CPU.ActiveCfg = Release|Any CPU
		{0B1F95C3-824B-4822-ACD2-5374490B731C}.Release|Any CPU.Build.0 = Release|Any CPU
	EndGlobalSection
	GlobalSection(SolutionProperties) = preSolution
		HideSolutionNode = FALSE
	EndGlobalSection
	GlobalSection(ExtensibilityGlobals) = postSolution
		SolutionGuid = {CF10210D-670A-4755-B48E-60D8D4C31EEC}
	EndGlobalSection
EndGlobal
